
Microsoft Visual Studio Solution File, Format Version 12.00
# Visual Studio Version 16
VisualStudioVersion = 16.0.32126.315
MinimumVisualStudioVersion = 10.0.40219.1
Project("{9A19103F-16F7-4668-BE54-9A1E7A4F7556}") = "Recipes", "Recipes\Recipes.csproj", "{60F8B09F-507E-45F8-936C-DECF90F9F907}"
EndProject
Project("{FAE04EC0-301F-11D3-BF4B-00C04F79EFBC}") = "Recipes.API", "Receipes.API\Recipes.API.csproj", "{5D6E6355-4084-4E6B-A225-175EA0928948}"
EndProject
Global
	GlobalSection(SolutionConfigurationPlatforms) = preSolution
		Debug|Any CPU = Debug|Any CPU
		Release|Any CPU = Release|Any CPU
	EndGlobalSection
	GlobalSection(ProjectConfigurationPlatforms) = postSolution
		{60F8B09F-507E-45F8-936C-DECF90F9F907}.Debug|Any CPU.ActiveCfg = Debug|Any CPU
		{60F8B09F-507E-45F8-936C-DECF90F9F907}.Debug|Any CPU.Build.0 = Debug|Any CPU
		{60F8B09F-507E-45F8-936C-DECF90F9F907}.Release|Any CPU.ActiveCfg = Release|Any CPU
		{60F8B09F-507E-45F8-936C-DECF90F9F907}.Release|Any CPU.Build.0 = Release|Any CPU
		{5D6E6355-4084-4E6B-A225-175EA0928948}.Debug|Any CPU.ActiveCfg = Debug|Any CPU
		{5D6E6355-4084-4E6B-A225-175EA0928948}.Debug|Any CPU.Build.0 = Debug|Any CPU
		{5D6E6355-4084-4E6B-A225-175EA0928948}.Release|Any CPU.ActiveCfg = Release|Any CPU
		{5D6E6355-4084-4E6B-A225-175EA0928948}.Release|Any CPU.Build.0 = Release|Any CPU
	EndGlobalSection
	GlobalSection(SolutionProperties) = preSolution
		HideSolutionNode = FALSE
	EndGlobalSection
	GlobalSection(ExtensibilityGlobals) = postSolution
		SolutionGuid = {9F86D816-F5F6-4599-8546-A229C0269BB5}
	EndGlobalSection
EndGlobal
